
Microsoft Visual Studio Solution File, Format Version 12.00
# Visual Studio Version 16
VisualStudioVersion = 16.0.30320.27
MinimumVisualStudioVersion = 10.0.40219.1
Project("{9A19103F-16F7-4668-BE54-9A1E7A4F7556}") = "ChatterBot", "ChatterBot\ChatterBot.csproj", "{5EA6FF44-BEDB-4D90-B7E6-218F90F9536C}"
EndProject
Project("{FAE04EC0-301F-11D3-BF4B-00C04F79EFBC}") = "ChatterBot.Tests", "ChatterBot.Tests\ChatterBot.Tests.csproj", "{7B9D0125-466D-4AE6-9F69-01B275E6C1FF}"
EndProject
Project("{FAE04EC0-301F-11D3-BF4B-00C04F79EFBC}") = "ChatterBot.Core", "ChatterBot.Core\ChatterBot.Core.csproj", "{5F6C7048-52EF-4279-A363-DDF158F1E05B}"
EndProject
Project("{FAE04EC0-301F-11D3-BF4B-00C04F79EFBC}") = "ChatterBot.Infra.Twitch", "ChatterBot.Infra.Twitch\ChatterBot.Infra.Twitch.csproj", "{1832E511-F1A3-43B2-A003-44EA2002E823}"
EndProject
Global
	GlobalSection(SolutionConfigurationPlatforms) = preSolution
		Debug|Any CPU = Debug|Any CPU
		Release|Any CPU = Release|Any CPU
	EndGlobalSection
	GlobalSection(ProjectConfigurationPlatforms) = postSolution
		{5EA6FF44-BEDB-4D90-B7E6-218F90F9536C}.Debug|Any CPU.ActiveCfg = Debug|Any CPU
		{5EA6FF44-BEDB-4D90-B7E6-218F90F9536C}.Debug|Any CPU.Build.0 = Debug|Any CPU
		{5EA6FF44-BEDB-4D90-B7E6-218F90F9536C}.Release|Any CPU.ActiveCfg = Release|Any CPU
		{5EA6FF44-BEDB-4D90-B7E6-218F90F9536C}.Release|Any CPU.Build.0 = Release|Any CPU
		{7B9D0125-466D-4AE6-9F69-01B275E6C1FF}.Debug|Any CPU.ActiveCfg = Debug|Any CPU
		{7B9D0125-466D-4AE6-9F69-01B275E6C1FF}.Debug|Any CPU.Build.0 = Debug|Any CPU
		{7B9D0125-466D-4AE6-9F69-01B275E6C1FF}.Release|Any CPU.ActiveCfg = Release|Any CPU
		{7B9D0125-466D-4AE6-9F69-01B275E6C1FF}.Release|Any CPU.Build.0 = Release|Any CPU
		{5F6C7048-52EF-4279-A363-DDF158F1E05B}.Debug|Any CPU.ActiveCfg = Debug|Any CPU
		{5F6C7048-52EF-4279-A363-DDF158F1E05B}.Debug|Any CPU.Build.0 = Debug|Any CPU
		{5F6C7048-52EF-4279-A363-DDF158F1E05B}.Release|Any CPU.ActiveCfg = Release|Any CPU
		{5F6C7048-52EF-4279-A363-DDF158F1E05B}.Release|Any CPU.Build.0 = Release|Any CPU
		{1832E511-F1A3-43B2-A003-44EA2002E823}.Debug|Any CPU.ActiveCfg = Debug|Any CPU
		{1832E511-F1A3-43B2-A003-44EA2002E823}.Debug|Any CPU.Build.0 = Debug|Any CPU
		{1832E511-F1A3-43B2-A003-44EA2002E823}.Release|Any CPU.ActiveCfg = Release|Any CPU
		{1832E511-F1A3-43B2-A003-44EA2002E823}.Release|Any CPU.Build.0 = Release|Any CPU
	EndGlobalSection
	GlobalSection(SolutionProperties) = preSolution
		HideSolutionNode = FALSE
	EndGlobalSection
	GlobalSection(ExtensibilityGlobals) = postSolution
		SolutionGuid = {BDEB2191-52C3-483A-B9B1-4A39DC4D7AEC}
	EndGlobalSection
EndGlobal
